// !$*UTF8*$!
{
	archiveVersion = 1;
	classes = {
	};
	objectVersion = 52;
	objects = {

/* Begin PBXBuildFile section */
		7942744924508D63002BEE35 /* ShamirKit in Frameworks */ = {isa = PBXBuildFile; productRef = 7942744824508D63002BEE35 /* ShamirKit */; };
		7942744C24509ADD002BEE35 /* StyleGuide.swift in Sources */ = {isa = PBXBuildFile; fileRef = 7942744B24509ADD002BEE35 /* StyleGuide.swift */; };
		794274512453046F002BEE35 /* ComposableArchitecture in Frameworks */ = {isa = PBXBuildFile; productRef = 794274502453046F002BEE35 /* ComposableArchitecture */; };
		794274532453046F002BEE35 /* ComposableArchitecture in Embed Frameworks */ = {isa = PBXBuildFile; productRef = 794274502453046F002BEE35 /* ComposableArchitecture */; settings = {ATTRIBUTES = (CodeSignOnCopy, ); }; };
		794274552453046F002BEE35 /* ComposableArchitectureTestSupport in Frameworks */ = {isa = PBXBuildFile; productRef = 794274542453046F002BEE35 /* ComposableArchitectureTestSupport */; };
		794274562453046F002BEE35 /* ComposableArchitectureTestSupport in Embed Frameworks */ = {isa = PBXBuildFile; productRef = 794274542453046F002BEE35 /* ComposableArchitectureTestSupport */; settings = {ATTRIBUTES = (CodeSignOnCopy, ); }; };
		7942745A2454D084002BEE35 /* AppCore.swift in Sources */ = {isa = PBXBuildFile; fileRef = 794274592454D084002BEE35 /* AppCore.swift */; };
		7942745C2455BF04002BEE35 /* DistributeCore.swift in Sources */ = {isa = PBXBuildFile; fileRef = 7942745B2455BF04002BEE35 /* DistributeCore.swift */; };
		7987D7CF243DE1FB00598DD4 /* AppDelegate.swift in Sources */ = {isa = PBXBuildFile; fileRef = 7987D7CE243DE1FB00598DD4 /* AppDelegate.swift */; };
		7987D7D1243DE1FB00598DD4 /* SceneDelegate.swift in Sources */ = {isa = PBXBuildFile; fileRef = 7987D7D0243DE1FB00598DD4 /* SceneDelegate.swift */; };
		7987D7D3243DE1FB00598DD4 /* AppView.swift in Sources */ = {isa = PBXBuildFile; fileRef = 7987D7D2243DE1FB00598DD4 /* AppView.swift */; };
		7987D7D5243DE20000598DD4 /* Assets.xcassets in Resources */ = {isa = PBXBuildFile; fileRef = 7987D7D4243DE20000598DD4 /* Assets.xcassets */; };
		7987D7D8243DE20000598DD4 /* Preview Assets.xcassets in Resources */ = {isa = PBXBuildFile; fileRef = 7987D7D7243DE20000598DD4 /* Preview Assets.xcassets */; };
		7987D7DB243DE20000598DD4 /* LaunchScreen.storyboard in Resources */ = {isa = PBXBuildFile; fileRef = 7987D7D9243DE20000598DD4 /* LaunchScreen.storyboard */; };
		7987D7E6243DE20100598DD4 /* ShamirBackappTests.swift in Sources */ = {isa = PBXBuildFile; fileRef = 7987D7E5243DE20100598DD4 /* ShamirBackappTests.swift */; };
		79C9A502245053A000B14FDC /* OldStore.swift in Sources */ = {isa = PBXBuildFile; fileRef = 79C9A501245053A000B14FDC /* OldStore.swift */; };
		79C9A5062450550700B14FDC /* DistributeView.swift in Sources */ = {isa = PBXBuildFile; fileRef = 79C9A5052450550700B14FDC /* DistributeView.swift */; };
		79C9A509245064FE00B14FDC /* Pasteboard.swift in Sources */ = {isa = PBXBuildFile; fileRef = 79C9A508245064FE00B14FDC /* Pasteboard.swift */; };
/* End PBXBuildFile section */

/* Begin PBXContainerItemProxy section */
		7987D7E2243DE20100598DD4 /* PBXContainerItemProxy */ = {
			isa = PBXContainerItemProxy;
			containerPortal = 7987D7C3243DE1FB00598DD4 /* Project object */;
			proxyType = 1;
			remoteGlobalIDString = 7987D7CA243DE1FB00598DD4;
			remoteInfo = ShamirBackapp;
		};
/* End PBXContainerItemProxy section */

/* Begin PBXCopyFilesBuildPhase section */
		794274522453046F002BEE35 /* Embed Frameworks */ = {
			isa = PBXCopyFilesBuildPhase;
			buildActionMask = 2147483647;
			dstPath = "";
			dstSubfolderSpec = 10;
			files = (
				794274532453046F002BEE35 /* ComposableArchitecture in Embed Frameworks */,
			);
			name = "Embed Frameworks";
			runOnlyForDeploymentPostprocessing = 0;
		};
		794274572453046F002BEE35 /* Embed Frameworks */ = {
			isa = PBXCopyFilesBuildPhase;
			buildActionMask = 2147483647;
			dstPath = "";
			dstSubfolderSpec = 10;
			files = (
				794274562453046F002BEE35 /* ComposableArchitectureTestSupport in Embed Frameworks */,
			);
			name = "Embed Frameworks";
			runOnlyForDeploymentPostprocessing = 0;
		};
/* End PBXCopyFilesBuildPhase section */

/* Begin PBXFileReference section */
		7942744424508CE1002BEE35 /* ShamirKit */ = {isa = PBXFileReference; lastKnownFileType = folder; path = ShamirKit; sourceTree = "<group>"; };
		7942744B24509ADD002BEE35 /* StyleGuide.swift */ = {isa = PBXFileReference; lastKnownFileType = sourcecode.swift; path = StyleGuide.swift; sourceTree = "<group>"; };
		794274592454D084002BEE35 /* AppCore.swift */ = {isa = PBXFileReference; lastKnownFileType = sourcecode.swift; path = AppCore.swift; sourceTree = "<group>"; };
		7942745B2455BF04002BEE35 /* DistributeCore.swift */ = {isa = PBXFileReference; lastKnownFileType = sourcecode.swift; path = DistributeCore.swift; sourceTree = "<group>"; };
		7987D7CB243DE1FB00598DD4 /* ShamirBackapp.app */ = {isa = PBXFileReference; explicitFileType = wrapper.application; includeInIndex = 0; path = ShamirBackapp.app; sourceTree = BUILT_PRODUCTS_DIR; };
		7987D7CE243DE1FB00598DD4 /* AppDelegate.swift */ = {isa = PBXFileReference; lastKnownFileType = sourcecode.swift; path = AppDelegate.swift; sourceTree = "<group>"; };
		7987D7D0243DE1FB00598DD4 /* SceneDelegate.swift */ = {isa = PBXFileReference; lastKnownFileType = sourcecode.swift; path = SceneDelegate.swift; sourceTree = "<group>"; };
		7987D7D2243DE1FB00598DD4 /* AppView.swift */ = {isa = PBXFileReference; lastKnownFileType = sourcecode.swift; path = AppView.swift; sourceTree = "<group>"; };
		7987D7D4243DE20000598DD4 /* Assets.xcassets */ = {isa = PBXFileReference; lastKnownFileType = folder.assetcatalog; path = Assets.xcassets; sourceTree = "<group>"; };
		7987D7D7243DE20000598DD4 /* Preview Assets.xcassets */ = {isa = PBXFileReference; lastKnownFileType = folder.assetcatalog; path = "Preview Assets.xcassets"; sourceTree = "<group>"; };
		7987D7DA243DE20000598DD4 /* Base */ = {isa = PBXFileReference; lastKnownFileType = file.storyboard; name = Base; path = Base.lproj/LaunchScreen.storyboard; sourceTree = "<group>"; };
		7987D7DC243DE20000598DD4 /* Info.plist */ = {isa = PBXFileReference; lastKnownFileType = text.plist.xml; path = Info.plist; sourceTree = "<group>"; };
		7987D7E1243DE20100598DD4 /* ShamirBackappTests.xctest */ = {isa = PBXFileReference; explicitFileType = wrapper.cfbundle; includeInIndex = 0; path = ShamirBackappTests.xctest; sourceTree = BUILT_PRODUCTS_DIR; };
		7987D7E5243DE20100598DD4 /* ShamirBackappTests.swift */ = {isa = PBXFileReference; lastKnownFileType = sourcecode.swift; path = ShamirBackappTests.swift; sourceTree = "<group>"; };
		7987D7E7243DE20100598DD4 /* Info.plist */ = {isa = PBXFileReference; lastKnownFileType = text.plist.xml; path = Info.plist; sourceTree = "<group>"; };
		79C9A501245053A000B14FDC /* OldStore.swift */ = {isa = PBXFileReference; lastKnownFileType = sourcecode.swift; path = OldStore.swift; sourceTree = "<group>"; };
		79C9A5052450550700B14FDC /* DistributeView.swift */ = {isa = PBXFileReference; lastKnownFileType = sourcecode.swift; path = DistributeView.swift; sourceTree = "<group>"; };
		79C9A508245064FE00B14FDC /* Pasteboard.swift */ = {isa = PBXFileReference; lastKnownFileType = sourcecode.swift; path = Pasteboard.swift; sourceTree = "<group>"; };
/* End PBXFileReference section */

/* Begin PBXFrameworksBuildPhase section */
		7987D7C8243DE1FB00598DD4 /* Frameworks */ = {
			isa = PBXFrameworksBuildPhase;
			buildActionMask = 2147483647;
			files = (
				794274512453046F002BEE35 /* ComposableArchitecture in Frameworks */,
				7942744924508D63002BEE35 /* ShamirKit in Frameworks */,
			);
			runOnlyForDeploymentPostprocessing = 0;
		};
		7987D7DE243DE20100598DD4 /* Frameworks */ = {
			isa = PBXFrameworksBuildPhase;
			buildActionMask = 2147483647;
			files = (
				794274552453046F002BEE35 /* ComposableArchitectureTestSupport in Frameworks */,
			);
			runOnlyForDeploymentPostprocessing = 0;
		};
/* End PBXFrameworksBuildPhase section */

/* Begin PBXGroup section */
		7942744724508D63002BEE35 /* Frameworks */ = {
			isa = PBXGroup;
			children = (
			);
			name = Frameworks;
			sourceTree = "<group>";
		};
		7942744A24509ACD002BEE35 /* StyleGuide */ = {
			isa = PBXGroup;
			children = (
				7942744B24509ADD002BEE35 /* StyleGuide.swift */,
			);
			path = StyleGuide;
			sourceTree = "<group>";
		};
		794274582454D070002BEE35 /* App */ = {
			isa = PBXGroup;
			children = (
				7987D7D2243DE1FB00598DD4 /* AppView.swift */,
				794274592454D084002BEE35 /* AppCore.swift */,
			);
			path = App;
			sourceTree = "<group>";
		};
		7987D7C2243DE1FB00598DD4 = {
			isa = PBXGroup;
			children = (
				7942744424508CE1002BEE35 /* ShamirKit */,
				7987D7CD243DE1FB00598DD4 /* ShamirBackapp */,
				7987D7E4243DE20100598DD4 /* ShamirBackappTests */,
				7987D7CC243DE1FB00598DD4 /* Products */,
				7942744724508D63002BEE35 /* Frameworks */,
			);
			sourceTree = "<group>";
		};
		7987D7CC243DE1FB00598DD4 /* Products */ = {
			isa = PBXGroup;
			children = (
				7987D7CB243DE1FB00598DD4 /* ShamirBackapp.app */,
				7987D7E1243DE20100598DD4 /* ShamirBackappTests.xctest */,
			);
			name = Products;
			sourceTree = "<group>";
		};
		7987D7CD243DE1FB00598DD4 /* ShamirBackapp */ = {
			isa = PBXGroup;
			children = (
				7942744A24509ACD002BEE35 /* StyleGuide */,
				79C9A507245064E300B14FDC /* Environment */,
				79C9A501245053A000B14FDC /* OldStore.swift */,
				79C9A503245054F600B14FDC /* Features */,
				7987D7CE243DE1FB00598DD4 /* AppDelegate.swift */,
				7987D7D0243DE1FB00598DD4 /* SceneDelegate.swift */,
				7987D7D4243DE20000598DD4 /* Assets.xcassets */,
				7987D7D9243DE20000598DD4 /* LaunchScreen.storyboard */,
				7987D7DC243DE20000598DD4 /* Info.plist */,
				7987D7D6243DE20000598DD4 /* Preview Content */,
			);
			path = ShamirBackapp;
			sourceTree = "<group>";
		};
		7987D7D6243DE20000598DD4 /* Preview Content */ = {
			isa = PBXGroup;
			children = (
				7987D7D7243DE20000598DD4 /* Preview Assets.xcassets */,
			);
			path = "Preview Content";
			sourceTree = "<group>";
		};
		7987D7E4243DE20100598DD4 /* ShamirBackappTests */ = {
			isa = PBXGroup;
			children = (
				7987D7E5243DE20100598DD4 /* ShamirBackappTests.swift */,
				7987D7E7243DE20100598DD4 /* Info.plist */,
			);
			path = ShamirBackappTests;
			sourceTree = "<group>";
		};
		79C9A503245054F600B14FDC /* Features */ = {
			isa = PBXGroup;
			children = (
				794274582454D070002BEE35 /* App */,
				79C9A504245054FB00B14FDC /* Distribute */,
			);
			path = Features;
			sourceTree = "<group>";
		};
		79C9A504245054FB00B14FDC /* Distribute */ = {
			isa = PBXGroup;
			children = (
				79C9A5052450550700B14FDC /* DistributeView.swift */,
				7942745B2455BF04002BEE35 /* DistributeCore.swift */,
			);
			path = Distribute;
			sourceTree = "<group>";
		};
		79C9A507245064E300B14FDC /* Environment */ = {
			isa = PBXGroup;
			children = (
				79C9A508245064FE00B14FDC /* Pasteboard.swift */,
			);
			path = Environment;
			sourceTree = "<group>";
		};
/* End PBXGroup section */

/* Begin PBXNativeTarget section */
		7987D7CA243DE1FB00598DD4 /* ShamirBackapp */ = {
			isa = PBXNativeTarget;
			buildConfigurationList = 7987D7EA243DE20100598DD4 /* Build configuration list for PBXNativeTarget "ShamirBackapp" */;
			buildPhases = (
				7987D7C7243DE1FB00598DD4 /* Sources */,
				7987D7C8243DE1FB00598DD4 /* Frameworks */,
				7987D7C9243DE1FB00598DD4 /* Resources */,
				794274522453046F002BEE35 /* Embed Frameworks */,
			);
			buildRules = (
			);
			dependencies = (
				7942744624508D3F002BEE35 /* PBXTargetDependency */,
			);
			name = ShamirBackapp;
			packageProductDependencies = (
				7942744824508D63002BEE35 /* ShamirKit */,
				794274502453046F002BEE35 /* ComposableArchitecture */,
			);
			productName = ShamirBackapp;
			productReference = 7987D7CB243DE1FB00598DD4 /* ShamirBackapp.app */;
			productType = "com.apple.product-type.application";
		};
		7987D7E0243DE20100598DD4 /* ShamirBackappTests */ = {
			isa = PBXNativeTarget;
			buildConfigurationList = 7987D7ED243DE20100598DD4 /* Build configuration list for PBXNativeTarget "ShamirBackappTests" */;
			buildPhases = (
				7987D7DD243DE20100598DD4 /* Sources */,
				7987D7DE243DE20100598DD4 /* Frameworks */,
				7987D7DF243DE20100598DD4 /* Resources */,
				794274572453046F002BEE35 /* Embed Frameworks */,
			);
			buildRules = (
			);
			dependencies = (
				7987D7E3243DE20100598DD4 /* PBXTargetDependency */,
			);
			name = ShamirBackappTests;
			packageProductDependencies = (
				794274542453046F002BEE35 /* ComposableArchitectureTestSupport */,
			);
			productName = ShamirBackappTests;
			productReference = 7987D7E1243DE20100598DD4 /* ShamirBackappTests.xctest */;
			productType = "com.apple.product-type.bundle.unit-test";
		};
/* End PBXNativeTarget section */

/* Begin PBXProject section */
		7987D7C3243DE1FB00598DD4 /* Project object */ = {
			isa = PBXProject;
			attributes = {
				LastSwiftUpdateCheck = 1140;
				LastUpgradeCheck = 1140;
				ORGANIZATIONNAME = "Petr Šíma";
				TargetAttributes = {
					7987D7CA243DE1FB00598DD4 = {
						CreatedOnToolsVersion = 11.4;
					};
					7987D7E0243DE20100598DD4 = {
						CreatedOnToolsVersion = 11.4;
						TestTargetID = 7987D7CA243DE1FB00598DD4;
					};
				};
			};
			buildConfigurationList = 7987D7C6243DE1FB00598DD4 /* Build configuration list for PBXProject "ShamirBackapp" */;
			compatibilityVersion = "Xcode 9.3";
			developmentRegion = en;
			hasScannedForEncodings = 0;
			knownRegions = (
				en,
				Base,
			);
			mainGroup = 7987D7C2243DE1FB00598DD4;
			packageReferences = (
				7942744F2453046F002BEE35 /* XCRemoteSwiftPackageReference "swift-composable-architecture" */,
			);
			productRefGroup = 7987D7CC243DE1FB00598DD4 /* Products */;
			projectDirPath = "";
			projectRoot = "";
			targets = (
				7987D7CA243DE1FB00598DD4 /* ShamirBackapp */,
				7987D7E0243DE20100598DD4 /* ShamirBackappTests */,
			);
		};
/* End PBXProject section */

/* Begin PBXResourcesBuildPhase section */
		7987D7C9243DE1FB00598DD4 /* Resources */ = {
			isa = PBXResourcesBuildPhase;
			buildActionMask = 2147483647;
			files = (
				7987D7DB243DE20000598DD4 /* LaunchScreen.storyboard in Resources */,
				7987D7D8243DE20000598DD4 /* Preview Assets.xcassets in Resources */,
				7987D7D5243DE20000598DD4 /* Assets.xcassets in Resources */,
			);
			runOnlyForDeploymentPostprocessing = 0;
		};
		7987D7DF243DE20100598DD4 /* Resources */ = {
			isa = PBXResourcesBuildPhase;
			buildActionMask = 2147483647;
			files = (
			);
			runOnlyForDeploymentPostprocessing = 0;
		};
/* End PBXResourcesBuildPhase section */

/* Begin PBXSourcesBuildPhase section */
		7987D7C7243DE1FB00598DD4 /* Sources */ = {
			isa = PBXSourcesBuildPhase;
			buildActionMask = 2147483647;
			files = (
				7942745A2454D084002BEE35 /* AppCore.swift in Sources */,
				7942745C2455BF04002BEE35 /* DistributeCore.swift in Sources */,
				7987D7CF243DE1FB00598DD4 /* AppDelegate.swift in Sources */,
				79C9A509245064FE00B14FDC /* Pasteboard.swift in Sources */,
				7942744C24509ADD002BEE35 /* StyleGuide.swift in Sources */,
				7987D7D1243DE1FB00598DD4 /* SceneDelegate.swift in Sources */,
				79C9A5062450550700B14FDC /* DistributeView.swift in Sources */,
				7987D7D3243DE1FB00598DD4 /* AppView.swift in Sources */,
				79C9A502245053A000B14FDC /* OldStore.swift in Sources */,
			);
			runOnlyForDeploymentPostprocessing = 0;
		};
		7987D7DD243DE20100598DD4 /* Sources */ = {
			isa = PBXSourcesBuildPhase;
			buildActionMask = 2147483647;
			files = (
				7987D7E6243DE20100598DD4 /* ShamirBackappTests.swift in Sources */,
			);
			runOnlyForDeploymentPostprocessing = 0;
		};
/* End PBXSourcesBuildPhase section */

/* Begin PBXTargetDependency section */
		7942744624508D3F002BEE35 /* PBXTargetDependency */ = {
			isa = PBXTargetDependency;
			productRef = 7942744524508D3F002BEE35 /* ShamirKit */;
		};
		7987D7E3243DE20100598DD4 /* PBXTargetDependency */ = {
			isa = PBXTargetDependency;
			target = 7987D7CA243DE1FB00598DD4 /* ShamirBackapp */;
			targetProxy = 7987D7E2243DE20100598DD4 /* PBXContainerItemProxy */;
		};
/* End PBXTargetDependency section */

/* Begin PBXVariantGroup section */
		7987D7D9243DE20000598DD4 /* LaunchScreen.storyboard */ = {
			isa = PBXVariantGroup;
			children = (
				7987D7DA243DE20000598DD4 /* Base */,
			);
			name = LaunchScreen.storyboard;
			sourceTree = "<group>";
		};
/* End PBXVariantGroup section */

/* Begin XCBuildConfiguration section */
		7987D7E8243DE20100598DD4 /* Debug */ = {
			isa = XCBuildConfiguration;
			buildSettings = {
				ALWAYS_SEARCH_USER_PATHS = NO;
				CLANG_ANALYZER_NONNULL = YES;
				CLANG_ANALYZER_NUMBER_OBJECT_CONVERSION = YES_AGGRESSIVE;
				CLANG_CXX_LANGUAGE_STANDARD = "gnu++14";
				CLANG_CXX_LIBRARY = "libc++";
				CLANG_ENABLE_MODULES = YES;
				CLANG_ENABLE_OBJC_ARC = YES;
				CLANG_ENABLE_OBJC_WEAK = YES;
				CLANG_WARN_BLOCK_CAPTURE_AUTORELEASING = YES;
				CLANG_WARN_BOOL_CONVERSION = YES;
				CLANG_WARN_COMMA = YES;
				CLANG_WARN_CONSTANT_CONVERSION = YES;
				CLANG_WARN_DEPRECATED_OBJC_IMPLEMENTATIONS = YES;
				CLANG_WARN_DIRECT_OBJC_ISA_USAGE = YES_ERROR;
				CLANG_WARN_DOCUMENTATION_COMMENTS = YES;
				CLANG_WARN_EMPTY_BODY = YES;
				CLANG_WARN_ENUM_CONVERSION = YES;
				CLANG_WARN_INFINITE_RECURSION = YES;
				CLANG_WARN_INT_CONVERSION = YES;
				CLANG_WARN_NON_LITERAL_NULL_CONVERSION = YES;
				CLANG_WARN_OBJC_IMPLICIT_RETAIN_SELF = YES;
				CLANG_WARN_OBJC_LITERAL_CONVERSION = YES;
				CLANG_WARN_OBJC_ROOT_CLASS = YES_ERROR;
				CLANG_WARN_RANGE_LOOP_ANALYSIS = YES;
				CLANG_WARN_STRICT_PROTOTYPES = YES;
				CLANG_WARN_SUSPICIOUS_MOVE = YES;
				CLANG_WARN_UNGUARDED_AVAILABILITY = YES_AGGRESSIVE;
				CLANG_WARN_UNREACHABLE_CODE = YES;
				CLANG_WARN__DUPLICATE_METHOD_MATCH = YES;
				COPY_PHASE_STRIP = NO;
				DEBUG_INFORMATION_FORMAT = dwarf;
				ENABLE_STRICT_OBJC_MSGSEND = YES;
				ENABLE_TESTABILITY = YES;
				GCC_C_LANGUAGE_STANDARD = gnu11;
				GCC_DYNAMIC_NO_PIC = NO;
				GCC_NO_COMMON_BLOCKS = YES;
				GCC_OPTIMIZATION_LEVEL = 0;
				GCC_PREPROCESSOR_DEFINITIONS = (
					"DEBUG=1",
					"$(inherited)",
				);
				GCC_WARN_64_TO_32_BIT_CONVERSION = YES;
				GCC_WARN_ABOUT_RETURN_TYPE = YES_ERROR;
				GCC_WARN_UNDECLARED_SELECTOR = YES;
				GCC_WARN_UNINITIALIZED_AUTOS = YES_AGGRESSIVE;
				GCC_WARN_UNUSED_FUNCTION = YES;
				GCC_WARN_UNUSED_VARIABLE = YES;
				IPHONEOS_DEPLOYMENT_TARGET = 13.4;
				MTL_ENABLE_DEBUG_INFO = INCLUDE_SOURCE;
				MTL_FAST_MATH = YES;
				ONLY_ACTIVE_ARCH = YES;
				SDKROOT = iphoneos;
				SWIFT_ACTIVE_COMPILATION_CONDITIONS = DEBUG;
				SWIFT_OPTIMIZATION_LEVEL = "-Onone";
			};
			name = Debug;
		};
		7987D7E9243DE20100598DD4 /* Release */ = {
			isa = XCBuildConfiguration;
			buildSettings = {
				ALWAYS_SEARCH_USER_PATHS = NO;
				CLANG_ANALYZER_NONNULL = YES;
				CLANG_ANALYZER_NUMBER_OBJECT_CONVERSION = YES_AGGRESSIVE;
				CLANG_CXX_LANGUAGE_STANDARD = "gnu++14";
				CLANG_CXX_LIBRARY = "libc++";
				CLANG_ENABLE_MODULES = YES;
				CLANG_ENABLE_OBJC_ARC = YES;
				CLANG_ENABLE_OBJC_WEAK = YES;
				CLANG_WARN_BLOCK_CAPTURE_AUTORELEASING = YES;
				CLANG_WARN_BOOL_CONVERSION = YES;
				CLANG_WARN_COMMA = YES;
				CLANG_WARN_CONSTANT_CONVERSION = YES;
				CLANG_WARN_DEPRECATED_OBJC_IMPLEMENTATIONS = YES;
				CLANG_WARN_DIRECT_OBJC_ISA_USAGE = YES_ERROR;
				CLANG_WARN_DOCUMENTATION_COMMENTS = YES;
				CLANG_WARN_EMPTY_BODY = YES;
				CLANG_WARN_ENUM_CONVERSION = YES;
				CLANG_WARN_INFINITE_RECURSION = YES;
				CLANG_WARN_INT_CONVERSION = YES;
				CLANG_WARN_NON_LITERAL_NULL_CONVERSION = YES;
				CLANG_WARN_OBJC_IMPLICIT_RETAIN_SELF = YES;
				CLANG_WARN_OBJC_LITERAL_CONVERSION = YES;
				CLANG_WARN_OBJC_ROOT_CLASS = YES_ERROR;
				CLANG_WARN_RANGE_LOOP_ANALYSIS = YES;
				CLANG_WARN_STRICT_PROTOTYPES = YES;
				CLANG_WARN_SUSPICIOUS_MOVE = YES;
				CLANG_WARN_UNGUARDED_AVAILABILITY = YES_AGGRESSIVE;
				CLANG_WARN_UNREACHABLE_CODE = YES;
				CLANG_WARN__DUPLICATE_METHOD_MATCH = YES;
				COPY_PHASE_STRIP = NO;
				DEBUG_INFORMATION_FORMAT = "dwarf-with-dsym";
				ENABLE_NS_ASSERTIONS = NO;
				ENABLE_STRICT_OBJC_MSGSEND = YES;
				GCC_C_LANGUAGE_STANDARD = gnu11;
				GCC_NO_COMMON_BLOCKS = YES;
				GCC_WARN_64_TO_32_BIT_CONVERSION = YES;
				GCC_WARN_ABOUT_RETURN_TYPE = YES_ERROR;
				GCC_WARN_UNDECLARED_SELECTOR = YES;
				GCC_WARN_UNINITIALIZED_AUTOS = YES_AGGRESSIVE;
				GCC_WARN_UNUSED_FUNCTION = YES;
				GCC_WARN_UNUSED_VARIABLE = YES;
				IPHONEOS_DEPLOYMENT_TARGET = 13.4;
				MTL_ENABLE_DEBUG_INFO = NO;
				MTL_FAST_MATH = YES;
				SDKROOT = iphoneos;
				SWIFT_COMPILATION_MODE = wholemodule;
				SWIFT_OPTIMIZATION_LEVEL = "-O";
				VALIDATE_PRODUCT = YES;
			};
			name = Release;
		};
		7987D7EB243DE20100598DD4 /* Debug */ = {
			isa = XCBuildConfiguration;
			buildSettings = {
				ASSETCATALOG_COMPILER_APPICON_NAME = AppIcon;
				CODE_SIGN_STYLE = Automatic;
				DEVELOPMENT_ASSET_PATHS = "\"ShamirBackapp/Preview Content\"";
				DEVELOPMENT_TEAM = 76EHURWG2W;
				ENABLE_PREVIEWS = YES;
				INFOPLIST_FILE = ShamirBackapp/Info.plist;
				LD_RUNPATH_SEARCH_PATHS = (
					"$(inherited)",
					"@executable_path/Frameworks",
				);
				PRODUCT_BUNDLE_IDENTIFIER = io.github.pteasima.ShamirBackapp;
				PRODUCT_NAME = "$(TARGET_NAME)";
				SWIFT_VERSION = 5.0;
				TARGETED_DEVICE_FAMILY = "1,2";
			};
			name = Debug;
		};
		7987D7EC243DE20100598DD4 /* Release */ = {
			isa = XCBuildConfiguration;
			buildSettings = {
				ASSETCATALOG_COMPILER_APPICON_NAME = AppIcon;
				CODE_SIGN_STYLE = Automatic;
				DEVELOPMENT_ASSET_PATHS = "\"ShamirBackapp/Preview Content\"";
				DEVELOPMENT_TEAM = 76EHURWG2W;
				ENABLE_PREVIEWS = YES;
				INFOPLIST_FILE = ShamirBackapp/Info.plist;
				LD_RUNPATH_SEARCH_PATHS = (
					"$(inherited)",
					"@executable_path/Frameworks",
				);
				PRODUCT_BUNDLE_IDENTIFIER = io.github.pteasima.ShamirBackapp;
				PRODUCT_NAME = "$(TARGET_NAME)";
				SWIFT_VERSION = 5.0;
				TARGETED_DEVICE_FAMILY = "1,2";
			};
			name = Release;
		};
		7987D7EE243DE20100598DD4 /* Debug */ = {
			isa = XCBuildConfiguration;
			buildSettings = {
				ALWAYS_EMBED_SWIFT_STANDARD_LIBRARIES = YES;
				BUNDLE_LOADER = "$(TEST_HOST)";
				CODE_SIGN_STYLE = Automatic;
				DEVELOPMENT_TEAM = 76EHURWG2W;
				INFOPLIST_FILE = ShamirBackappTests/Info.plist;
				IPHONEOS_DEPLOYMENT_TARGET = 13.4;
				LD_RUNPATH_SEARCH_PATHS = (
					"$(inherited)",
					"@executable_path/Frameworks",
					"@loader_path/Frameworks",
				);
				PRODUCT_BUNDLE_IDENTIFIER = io.github.pteasima.ShamirBackappTests;
				PRODUCT_NAME = "$(TARGET_NAME)";
				SWIFT_VERSION = 5.0;
				TARGETED_DEVICE_FAMILY = "1,2";
				TEST_HOST = "$(BUILT_PRODUCTS_DIR)/ShamirBackapp.app/ShamirBackapp";
			};
			name = Debug;
		};
		7987D7EF243DE20100598DD4 /* Release */ = {
			isa = XCBuildConfiguration;
			buildSettings = {
				ALWAYS_EMBED_SWIFT_STANDARD_LIBRARIES = YES;
				BUNDLE_LOADER = "$(TEST_HOST)";
				CODE_SIGN_STYLE = Automatic;
				DEVELOPMENT_TEAM = 76EHURWG2W;
				INFOPLIST_FILE = ShamirBackappTests/Info.plist;
				IPHONEOS_DEPLOYMENT_TARGET = 13.4;
				LD_RUNPATH_SEARCH_PATHS = (
					"$(inherited)",
					"@executable_path/Frameworks",
					"@loader_path/Frameworks",
				);
				PRODUCT_BUNDLE_IDENTIFIER = io.github.pteasima.ShamirBackappTests;
				PRODUCT_NAME = "$(TARGET_NAME)";
				SWIFT_VERSION = 5.0;
				TARGETED_DEVICE_FAMILY = "1,2";
				TEST_HOST = "$(BUILT_PRODUCTS_DIR)/ShamirBackapp.app/ShamirBackapp";
			};
			name = Release;
		};
/* End XCBuildConfiguration section */

/* Begin XCConfigurationList section */
		7987D7C6243DE1FB00598DD4 /* Build configuration list for PBXProject "ShamirBackapp" */ = {
			isa = XCConfigurationList;
			buildConfigurations = (
				7987D7E8243DE20100598DD4 /* Debug */,
				7987D7E9243DE20100598DD4 /* Release */,
			);
			defaultConfigurationIsVisible = 0;
			defaultConfigurationName = Release;
		};
		7987D7EA243DE20100598DD4 /* Build configuration list for PBXNativeTarget "ShamirBackapp" */ = {
			isa = XCConfigurationList;
			buildConfigurations = (
				7987D7EB243DE20100598DD4 /* Debug */,
				7987D7EC243DE20100598DD4 /* Release */,
			);
			defaultConfigurationIsVisible = 0;
			defaultConfigurationName = Release;
		};
		7987D7ED243DE20100598DD4 /* Build configuration list for PBXNativeTarget "ShamirBackappTests" */ = {
			isa = XCConfigurationList;
			buildConfigurations = (
				7987D7EE243DE20100598DD4 /* Debug */,
				7987D7EF243DE20100598DD4 /* Release */,
			);
			defaultConfigurationIsVisible = 0;
			defaultConfigurationName = Release;
		};
/* End XCConfigurationList section */

/* Begin XCRemoteSwiftPackageReference section */
		7942744F2453046F002BEE35 /* XCRemoteSwiftPackageReference "swift-composable-architecture" */ = {
			isa = XCRemoteSwiftPackageReference;
			repositoryURL = "https://github.com/stephencelis/swift-composable-architecture.git";
			requirement = {
				branch = master;
				kind = branch;
			};
		};
/* End XCRemoteSwiftPackageReference section */

/* Begin XCSwiftPackageProductDependency section */
		7942744524508D3F002BEE35 /* ShamirKit */ = {
			isa = XCSwiftPackageProductDependency;
			productName = ShamirKit;
		};
		7942744824508D63002BEE35 /* ShamirKit */ = {
			isa = XCSwiftPackageProductDependency;
			productName = ShamirKit;
		};
		794274502453046F002BEE35 /* ComposableArchitecture */ = {
			isa = XCSwiftPackageProductDependency;
			package = 7942744F2453046F002BEE35 /* XCRemoteSwiftPackageReference "swift-composable-architecture" */;
			productName = ComposableArchitecture;
		};
		794274542453046F002BEE35 /* ComposableArchitectureTestSupport */ = {
			isa = XCSwiftPackageProductDependency;
			package = 7942744F2453046F002BEE35 /* XCRemoteSwiftPackageReference "swift-composable-architecture" */;
			productName = ComposableArchitectureTestSupport;
		};
/* End XCSwiftPackageProductDependency section */
	};
	rootObject = 7987D7C3243DE1FB00598DD4 /* Project object */;
}
