{
  "object": {
    "pins": [
      {
        "package": "BigInt",
        "repositoryURL": "https://github.com/attaswift/BigInt.git",
        "state": {
          "branch": null,
          "revision": "2bbb8a7addeb79ceccf45acac9f6e2a07cbe9680",
          "version": "5.1.0"
        }
      },
      {
        "package": "ModularArithmetic",
        "repositoryURL": "https://github.com/std-swift/ModularArithmetic.git",
        "state": {
          "branch": null,
          "revision": "5aaa2f190f420c07678f927247546c32a1c6f247",
          "version": "1.0.0"
        }
      },
      {
        "package": "swift-composable-architecture",
        "repositoryURL": "https://github.com/stephencelis/swift-composable-architecture.git",
        "state": {
          "branch": "master",
          "revision": "491f88919c4cb852bbbe31f709d309a7748fd217",
          "version": null
        }
      },
      {
        "package": "Tagged",
        "repositoryURL": "https://github.com/pointfreeco/swift-tagged.git",
        "state": {
          "branch": null,
          "revision": "592e1eb4255c571ebffc29955011e352217501b4",
          "version": "0.5.0"
        }
      }
    ]
  },
  "version": 1
}
