{
  "object": {
    "pins": [
      {
        "package": "BigInt",
        "repositoryURL": "https://github.com/attaswift/BigInt.git",
        "state": {
          "branch": null,
          "revision": "2bbb8a7addeb79ceccf45acac9f6e2a07cbe9680",
          "version": "5.1.0"
        }
      },
      {
        "package": "ModularArithmetic",
        "repositoryURL": "https://github.com/std-swift/ModularArithmetic.git",
        "state": {
          "branch": null,
          "revision": "5aaa2f190f420c07678f927247546c32a1c6f247",
          "version": "1.0.0"
        }
      },
      {
        "package": "swift-composable-architecture",
        "repositoryURL": "https://github.com/stephencelis/swift-composable-architecture.git",
        "state": {
          "branch": "master",
          "revision": "42234af79b257c1a0704396817f0deaedcb31e11",
          "version": null
        }
      }
    ]
  },
  "version": 1
}
